// !$*UTF8*$!
{
	archiveVersion = 1;
	classes = {
	};
	objectVersion = 56;
	objects = {

/* Begin PBXBuildFile section */
		DE60F3462A3B781900225566 /* CoreDataModel.xcdatamodeld in Sources */ = {isa = PBXBuildFile; fileRef = DE60F3442A3B781900225566 /* CoreDataModel.xcdatamodeld */; };
		DE8358C22A29221700675966 /* RecipesListViewController.swift in Sources */ = {isa = PBXBuildFile; fileRef = DE8358C12A29221700675966 /* RecipesListViewController.swift */; };
		DE8358CC2A2966BC00675966 /* AmericanTypewriterRegular.ttf in Resources */ = {isa = PBXBuildFile; fileRef = DE8358CB2A2966BC00675966 /* AmericanTypewriterRegular.ttf */; };
		DE8358CE2A2A5A6B00675966 /* AddButton.swift in Sources */ = {isa = PBXBuildFile; fileRef = DE8358CD2A2A5A6B00675966 /* AddButton.swift */; };
		DE8358D02A2A636B00675966 /* TrashButton.swift in Sources */ = {isa = PBXBuildFile; fileRef = DE8358CF2A2A636B00675966 /* TrashButton.swift */; };
		DE9D3A702A4538E700EC7299 /* CoreDataStack.swift in Sources */ = {isa = PBXBuildFile; fileRef = DE9D3A6F2A4538E700EC7299 /* CoreDataStack.swift */; };
		DECB8B612A26724A007D0409 /* AppDelegate.swift in Sources */ = {isa = PBXBuildFile; fileRef = DECB8B602A26724A007D0409 /* AppDelegate.swift */; };
		DECB8B652A26724A007D0409 /* CategoriesViewController.swift in Sources */ = {isa = PBXBuildFile; fileRef = DECB8B642A26724A007D0409 /* CategoriesViewController.swift */; };
		DECB8B6A2A26724A007D0409 /* Assets.xcassets in Resources */ = {isa = PBXBuildFile; fileRef = DECB8B692A26724A007D0409 /* Assets.xcassets */; };
		DECB8B6D2A26724A007D0409 /* LaunchScreen.storyboard in Resources */ = {isa = PBXBuildFile; fileRef = DECB8B6B2A26724A007D0409 /* LaunchScreen.storyboard */; };
		DECB8B762A26B8DE007D0409 /* Extension+UIColor.swift in Sources */ = {isa = PBXBuildFile; fileRef = DECB8B752A26B8DE007D0409 /* Extension+UIColor.swift */; };
		DECB8B782A26CA99007D0409 /* BERNIERDistressed-Regular.otf in Resources */ = {isa = PBXBuildFile; fileRef = DECB8B772A26CA99007D0409 /* BERNIERDistressed-Regular.otf */; };
		DECB8B7E2A26DCF4007D0409 /* Annabelle.ttf in Resources */ = {isa = PBXBuildFile; fileRef = DECB8B7D2A26DCF4007D0409 /* Annabelle.ttf */; };
		DECB8B802A27AD42007D0409 /* ScaledFont.swift in Sources */ = {isa = PBXBuildFile; fileRef = DECB8B7F2A27AD42007D0409 /* ScaledFont.swift */; };
		DECB8B822A27AD4F007D0409 /* Annabelle.plist in Resources */ = {isa = PBXBuildFile; fileRef = DECB8B812A27AD4F007D0409 /* Annabelle.plist */; };
		DECB8B852A283309007D0409 /* CategoriesCollectionView.swift in Sources */ = {isa = PBXBuildFile; fileRef = DECB8B842A283309007D0409 /* CategoriesCollectionView.swift */; };
		DECB8B872A28336E007D0409 /* CategoryCollectionViewCell.swift in Sources */ = {isa = PBXBuildFile; fileRef = DECB8B862A28336E007D0409 /* CategoryCollectionViewCell.swift */; };
		DECB8B892A283607007D0409 /* CategoriesCollectionViewDataSource.swift in Sources */ = {isa = PBXBuildFile; fileRef = DECB8B882A283607007D0409 /* CategoriesCollectionViewDataSource.swift */; };
		DECB8B902A28415A007D0409 /* CategoriesFlowLayout.swift in Sources */ = {isa = PBXBuildFile; fileRef = DECB8B8F2A28415A007D0409 /* CategoriesFlowLayout.swift */; };
		DECB8B922A284CCC007D0409 /* Metrics+Colors.swift in Sources */ = {isa = PBXBuildFile; fileRef = DECB8B912A284CCC007D0409 /* Metrics+Colors.swift */; };
		DEE083862A2C1DE400C0ECEC /* RecipeViewController.swift in Sources */ = {isa = PBXBuildFile; fileRef = DEE083852A2C1DE400C0ECEC /* RecipeViewController.swift */; };
		DEE0838B2A302EA700C0ECEC /* CustomTextField.swift in Sources */ = {isa = PBXBuildFile; fileRef = DEE0838A2A302EA700C0ECEC /* CustomTextField.swift */; };
		DEE0838D2A35259900C0ECEC /* ButtonsConteinerView.swift in Sources */ = {isa = PBXBuildFile; fileRef = DEE0838C2A35259900C0ECEC /* ButtonsConteinerView.swift */; };
		DEE083902A35401900C0ECEC /* CustomScrollView.swift in Sources */ = {isa = PBXBuildFile; fileRef = DEE0838F2A35401900C0ECEC /* CustomScrollView.swift */; };
		DEE083922A355E4300C0ECEC /* RecipesCollectionView.swift in Sources */ = {isa = PBXBuildFile; fileRef = DEE083912A355E4300C0ECEC /* RecipesCollectionView.swift */; };
		DEE083952A3561A300C0ECEC /* RecipeCollectionViewCell.swift in Sources */ = {isa = PBXBuildFile; fileRef = DEE083942A3561A300C0ECEC /* RecipeCollectionViewCell.swift */; };
		DEE083972A35621100C0ECEC /* RecipesCollectionViewDataSource.swift in Sources */ = {isa = PBXBuildFile; fileRef = DEE083962A35621100C0ECEC /* RecipesCollectionViewDataSource.swift */; };
		DEE083992A35623F00C0ECEC /* RecipesCollectionViewDelegate.swift in Sources */ = {isa = PBXBuildFile; fileRef = DEE083982A35623F00C0ECEC /* RecipesCollectionViewDelegate.swift */; };
		DEE0839B2A35627700C0ECEC /* RecipesCollectionViewFlowLayout.swift in Sources */ = {isa = PBXBuildFile; fileRef = DEE0839A2A35627700C0ECEC /* RecipesCollectionViewFlowLayout.swift */; };
		DEE0839F2A36948800C0ECEC /* TrashRecipesViewController.swift in Sources */ = {isa = PBXBuildFile; fileRef = DEE0839E2A36948800C0ECEC /* TrashRecipesViewController.swift */; };
		DEE083A22A37F02200C0ECEC /* TrashRecipeCollectionViewDelegate.swift in Sources */ = {isa = PBXBuildFile; fileRef = DEE083A12A37F02200C0ECEC /* TrashRecipeCollectionViewDelegate.swift */; };
		DEE083A42A37F14300C0ECEC /* TrashRecipesCollectionViewDataSource.swift in Sources */ = {isa = PBXBuildFile; fileRef = DEE083A32A37F14300C0ECEC /* TrashRecipesCollectionViewDataSource.swift */; };
		DEE083CE2A393D8100C0ECEC /* RecipesDataManager.swift in Sources */ = {isa = PBXBuildFile; fileRef = DEE083CD2A393D8100C0ECEC /* RecipesDataManager.swift */; };
/* End PBXBuildFile section */

/* Begin PBXFileReference section */
		DE60F3452A3B781900225566 /* CoreDataModel.xcdatamodel */ = {isa = PBXFileReference; lastKnownFileType = wrapper.xcdatamodel; path = CoreDataModel.xcdatamodel; sourceTree = "<group>"; };
		DE8358C12A29221700675966 /* RecipesListViewController.swift */ = {isa = PBXFileReference; lastKnownFileType = sourcecode.swift; path = RecipesListViewController.swift; sourceTree = "<group>"; };
		DE8358CB2A2966BC00675966 /* AmericanTypewriterRegular.ttf */ = {isa = PBXFileReference; lastKnownFileType = file; path = AmericanTypewriterRegular.ttf; sourceTree = "<group>"; };
		DE8358CD2A2A5A6B00675966 /* AddButton.swift */ = {isa = PBXFileReference; lastKnownFileType = sourcecode.swift; path = AddButton.swift; sourceTree = "<group>"; };
		DE8358CF2A2A636B00675966 /* TrashButton.swift */ = {isa = PBXFileReference; lastKnownFileType = sourcecode.swift; path = TrashButton.swift; sourceTree = "<group>"; };
		DE9D3A6F2A4538E700EC7299 /* CoreDataStack.swift */ = {isa = PBXFileReference; lastKnownFileType = sourcecode.swift; path = CoreDataStack.swift; sourceTree = "<group>"; };
		DECB8B5D2A26724A007D0409 /* RecipeApp.app */ = {isa = PBXFileReference; explicitFileType = wrapper.application; includeInIndex = 0; path = RecipeApp.app; sourceTree = BUILT_PRODUCTS_DIR; };
		DECB8B602A26724A007D0409 /* AppDelegate.swift */ = {isa = PBXFileReference; lastKnownFileType = sourcecode.swift; path = AppDelegate.swift; sourceTree = "<group>"; };
		DECB8B642A26724A007D0409 /* CategoriesViewController.swift */ = {isa = PBXFileReference; lastKnownFileType = sourcecode.swift; path = CategoriesViewController.swift; sourceTree = "<group>"; };
		DECB8B692A26724A007D0409 /* Assets.xcassets */ = {isa = PBXFileReference; lastKnownFileType = folder.assetcatalog; path = Assets.xcassets; sourceTree = "<group>"; };
		DECB8B6C2A26724A007D0409 /* Base */ = {isa = PBXFileReference; lastKnownFileType = file.storyboard; name = Base; path = Base.lproj/LaunchScreen.storyboard; sourceTree = "<group>"; };
		DECB8B6E2A26724A007D0409 /* Info.plist */ = {isa = PBXFileReference; lastKnownFileType = text.plist.xml; path = Info.plist; sourceTree = "<group>"; };
		DECB8B752A26B8DE007D0409 /* Extension+UIColor.swift */ = {isa = PBXFileReference; lastKnownFileType = sourcecode.swift; path = "Extension+UIColor.swift"; sourceTree = "<group>"; };
		DECB8B772A26CA99007D0409 /* BERNIERDistressed-Regular.otf */ = {isa = PBXFileReference; lastKnownFileType = file; path = "BERNIERDistressed-Regular.otf"; sourceTree = "<group>"; };
		DECB8B7D2A26DCF4007D0409 /* Annabelle.ttf */ = {isa = PBXFileReference; lastKnownFileType = file; path = Annabelle.ttf; sourceTree = "<group>"; };
		DECB8B7F2A27AD42007D0409 /* ScaledFont.swift */ = {isa = PBXFileReference; fileEncoding = 4; lastKnownFileType = sourcecode.swift; path = ScaledFont.swift; sourceTree = "<group>"; };
		DECB8B812A27AD4F007D0409 /* Annabelle.plist */ = {isa = PBXFileReference; fileEncoding = 4; lastKnownFileType = text.plist.xml; path = Annabelle.plist; sourceTree = "<group>"; };
		DECB8B842A283309007D0409 /* CategoriesCollectionView.swift */ = {isa = PBXFileReference; lastKnownFileType = sourcecode.swift; path = CategoriesCollectionView.swift; sourceTree = "<group>"; };
		DECB8B862A28336E007D0409 /* CategoryCollectionViewCell.swift */ = {isa = PBXFileReference; lastKnownFileType = sourcecode.swift; path = CategoryCollectionViewCell.swift; sourceTree = "<group>"; };
		DECB8B882A283607007D0409 /* CategoriesCollectionViewDataSource.swift */ = {isa = PBXFileReference; lastKnownFileType = sourcecode.swift; path = CategoriesCollectionViewDataSource.swift; sourceTree = "<group>"; };
		DECB8B8F2A28415A007D0409 /* CategoriesFlowLayout.swift */ = {isa = PBXFileReference; lastKnownFileType = sourcecode.swift; path = CategoriesFlowLayout.swift; sourceTree = "<group>"; };
		DECB8B912A284CCC007D0409 /* Metrics+Colors.swift */ = {isa = PBXFileReference; lastKnownFileType = sourcecode.swift; path = "Metrics+Colors.swift"; sourceTree = "<group>"; };
		DEE083852A2C1DE400C0ECEC /* RecipeViewController.swift */ = {isa = PBXFileReference; lastKnownFileType = sourcecode.swift; path = RecipeViewController.swift; sourceTree = "<group>"; };
		DEE0838A2A302EA700C0ECEC /* CustomTextField.swift */ = {isa = PBXFileReference; lastKnownFileType = sourcecode.swift; path = CustomTextField.swift; sourceTree = "<group>"; };
		DEE0838C2A35259900C0ECEC /* ButtonsConteinerView.swift */ = {isa = PBXFileReference; lastKnownFileType = sourcecode.swift; path = ButtonsConteinerView.swift; sourceTree = "<group>"; };
		DEE0838F2A35401900C0ECEC /* CustomScrollView.swift */ = {isa = PBXFileReference; lastKnownFileType = sourcecode.swift; path = CustomScrollView.swift; sourceTree = "<group>"; };
		DEE083912A355E4300C0ECEC /* RecipesCollectionView.swift */ = {isa = PBXFileReference; lastKnownFileType = sourcecode.swift; path = RecipesCollectionView.swift; sourceTree = "<group>"; };
		DEE083942A3561A300C0ECEC /* RecipeCollectionViewCell.swift */ = {isa = PBXFileReference; lastKnownFileType = sourcecode.swift; path = RecipeCollectionViewCell.swift; sourceTree = "<group>"; };
		DEE083962A35621100C0ECEC /* RecipesCollectionViewDataSource.swift */ = {isa = PBXFileReference; lastKnownFileType = sourcecode.swift; path = RecipesCollectionViewDataSource.swift; sourceTree = "<group>"; };
		DEE083982A35623F00C0ECEC /* RecipesCollectionViewDelegate.swift */ = {isa = PBXFileReference; lastKnownFileType = sourcecode.swift; path = RecipesCollectionViewDelegate.swift; sourceTree = "<group>"; };
		DEE0839A2A35627700C0ECEC /* RecipesCollectionViewFlowLayout.swift */ = {isa = PBXFileReference; lastKnownFileType = sourcecode.swift; path = RecipesCollectionViewFlowLayout.swift; sourceTree = "<group>"; };
		DEE0839E2A36948800C0ECEC /* TrashRecipesViewController.swift */ = {isa = PBXFileReference; lastKnownFileType = sourcecode.swift; path = TrashRecipesViewController.swift; sourceTree = "<group>"; };
		DEE083A12A37F02200C0ECEC /* TrashRecipeCollectionViewDelegate.swift */ = {isa = PBXFileReference; lastKnownFileType = sourcecode.swift; path = TrashRecipeCollectionViewDelegate.swift; sourceTree = "<group>"; };
		DEE083A32A37F14300C0ECEC /* TrashRecipesCollectionViewDataSource.swift */ = {isa = PBXFileReference; lastKnownFileType = sourcecode.swift; path = TrashRecipesCollectionViewDataSource.swift; sourceTree = "<group>"; };
		DEE083CD2A393D8100C0ECEC /* RecipesDataManager.swift */ = {isa = PBXFileReference; lastKnownFileType = sourcecode.swift; path = RecipesDataManager.swift; sourceTree = "<group>"; };
/* End PBXFileReference section */

/* Begin PBXFrameworksBuildPhase section */
		DECB8B5A2A26724A007D0409 /* Frameworks */ = {
			isa = PBXFrameworksBuildPhase;
			buildActionMask = 2147483647;
			files = (
			);
			runOnlyForDeploymentPostprocessing = 0;
		};
/* End PBXFrameworksBuildPhase section */

/* Begin PBXGroup section */
		DE8358C02A29215200675966 /* CategoriesScreen */ = {
			isa = PBXGroup;
			children = (
				DECB8B642A26724A007D0409 /* CategoriesViewController.swift */,
				DECB8B8A2A283647007D0409 /* CollectionView */,
			);
			path = CategoriesScreen;
			sourceTree = "<group>";
		};
		DE8358C32A29221E00675966 /* RecipesListScreen */ = {
			isa = PBXGroup;
			children = (
				DE8358C12A29221700675966 /* RecipesListViewController.swift */,
				DE8358CD2A2A5A6B00675966 /* AddButton.swift */,
				DE8358CF2A2A636B00675966 /* TrashButton.swift */,
				DEE083932A35610100C0ECEC /* RecipesCollectionView */,
			);
			path = RecipesListScreen;
			sourceTree = "<group>";
		};
		DE9D3A712A45397D00EC7299 /* CoreDataStack */ = {
			isa = PBXGroup;
			children = (
				DE9D3A6F2A4538E700EC7299 /* CoreDataStack.swift */,
				DE60F3442A3B781900225566 /* CoreDataModel.xcdatamodeld */,
			);
			path = CoreDataStack;
			sourceTree = "<group>";
		};
		DECB8B542A26724A007D0409 = {
			isa = PBXGroup;
			children = (
				DECB8B5F2A26724A007D0409 /* RecipeApp */,
				DECB8B5E2A26724A007D0409 /* Products */,
			);
			sourceTree = "<group>";
		};
		DECB8B5E2A26724A007D0409 /* Products */ = {
			isa = PBXGroup;
			children = (
				DECB8B5D2A26724A007D0409 /* RecipeApp.app */,
			);
			name = Products;
			sourceTree = "<group>";
		};
		DECB8B5F2A26724A007D0409 /* RecipeApp */ = {
			isa = PBXGroup;
			children = (
				DECB8B602A26724A007D0409 /* AppDelegate.swift */,
				DEE083CD2A393D8100C0ECEC /* RecipesDataManager.swift */,
				DE9D3A712A45397D00EC7299 /* CoreDataStack */,
				DE8358C02A29215200675966 /* CategoriesScreen */,
				DE8358C32A29221E00675966 /* RecipesListScreen */,
				DEE083A02A36948D00C0ECEC /* TrashRecipesScreen */,
				DEE083872A2C1DF000C0ECEC /* RecipeScreen */,
				DECB8B832A27ADD6007D0409 /* Helpers */,
				DECB8B7C2A26D8A2007D0409 /* Fonts */,
				DEE0838E2A35277700C0ECEC /* Common */,
				DECB8B742A2672E0007D0409 /* Base */,
			);
			path = RecipeApp;
			sourceTree = "<group>";
		};
		DECB8B742A2672E0007D0409 /* Base */ = {
			isa = PBXGroup;
			children = (
				DECB8B692A26724A007D0409 /* Assets.xcassets */,
				DECB8B6B2A26724A007D0409 /* LaunchScreen.storyboard */,
				DECB8B6E2A26724A007D0409 /* Info.plist */,
				DECB8B812A27AD4F007D0409 /* Annabelle.plist */,
			);
			path = Base;
			sourceTree = "<group>";
		};
		DECB8B7C2A26D8A2007D0409 /* Fonts */ = {
			isa = PBXGroup;
			children = (
				DECB8B772A26CA99007D0409 /* BERNIERDistressed-Regular.otf */,
				DECB8B7D2A26DCF4007D0409 /* Annabelle.ttf */,
				DE8358CB2A2966BC00675966 /* AmericanTypewriterRegular.ttf */,
			);
			path = Fonts;
			sourceTree = "<group>";
		};
		DECB8B832A27ADD6007D0409 /* Helpers */ = {
			isa = PBXGroup;
			children = (
				DECB8B752A26B8DE007D0409 /* Extension+UIColor.swift */,
				DECB8B7F2A27AD42007D0409 /* ScaledFont.swift */,
				DECB8B912A284CCC007D0409 /* Metrics+Colors.swift */,
			);
			path = Helpers;
			sourceTree = "<group>";
		};
		DECB8B8A2A283647007D0409 /* CollectionView */ = {
			isa = PBXGroup;
			children = (
				DECB8B842A283309007D0409 /* CategoriesCollectionView.swift */,
				DECB8B862A28336E007D0409 /* CategoryCollectionViewCell.swift */,
				DECB8B882A283607007D0409 /* CategoriesCollectionViewDataSource.swift */,
				DECB8B8F2A28415A007D0409 /* CategoriesFlowLayout.swift */,
			);
			path = CollectionView;
			sourceTree = "<group>";
		};
		DEE083872A2C1DF000C0ECEC /* RecipeScreen */ = {
			isa = PBXGroup;
			children = (
				DEE083852A2C1DE400C0ECEC /* RecipeViewController.swift */,
				DEE0838A2A302EA700C0ECEC /* CustomTextField.swift */,
				DEE0838F2A35401900C0ECEC /* CustomScrollView.swift */,
			);
			path = RecipeScreen;
			sourceTree = "<group>";
		};
		DEE0838E2A35277700C0ECEC /* Common */ = {
			isa = PBXGroup;
			children = (
				DEE0838C2A35259900C0ECEC /* ButtonsConteinerView.swift */,
			);
			path = Common;
			sourceTree = "<group>";
		};
		DEE083932A35610100C0ECEC /* RecipesCollectionView */ = {
			isa = PBXGroup;
			children = (
				DEE083912A355E4300C0ECEC /* RecipesCollectionView.swift */,
				DEE083942A3561A300C0ECEC /* RecipeCollectionViewCell.swift */,
				DEE083962A35621100C0ECEC /* RecipesCollectionViewDataSource.swift */,
				DEE083982A35623F00C0ECEC /* RecipesCollectionViewDelegate.swift */,
				DEE0839A2A35627700C0ECEC /* RecipesCollectionViewFlowLayout.swift */,
			);
			path = RecipesCollectionView;
			sourceTree = "<group>";
		};
		DEE083A02A36948D00C0ECEC /* TrashRecipesScreen */ = {
			isa = PBXGroup;
			children = (
				DEE0839E2A36948800C0ECEC /* TrashRecipesViewController.swift */,
				DEE083A12A37F02200C0ECEC /* TrashRecipeCollectionViewDelegate.swift */,
				DEE083A32A37F14300C0ECEC /* TrashRecipesCollectionViewDataSource.swift */,
			);
			path = TrashRecipesScreen;
			sourceTree = "<group>";
		};
/* End PBXGroup section */

/* Begin PBXNativeTarget section */
		DECB8B5C2A26724A007D0409 /* RecipeApp */ = {
			isa = PBXNativeTarget;
			buildConfigurationList = DECB8B712A26724A007D0409 /* Build configuration list for PBXNativeTarget "RecipeApp" */;
			buildPhases = (
				DECB8B592A26724A007D0409 /* Sources */,
				DECB8B5A2A26724A007D0409 /* Frameworks */,
				DECB8B5B2A26724A007D0409 /* Resources */,
			);
			buildRules = (
			);
			dependencies = (
			);
			name = RecipeApp;
			productName = RecipeApp;
			productReference = DECB8B5D2A26724A007D0409 /* RecipeApp.app */;
			productType = "com.apple.product-type.application";
		};
/* End PBXNativeTarget section */

/* Begin PBXProject section */
		DECB8B552A26724A007D0409 /* Project object */ = {
			isa = PBXProject;
			attributes = {
				BuildIndependentTargetsInParallel = 1;
				LastSwiftUpdateCheck = 1430;
				LastUpgradeCheck = 1430;
				TargetAttributes = {
					DECB8B5C2A26724A007D0409 = {
						CreatedOnToolsVersion = 14.3;
					};
				};
			};
			buildConfigurationList = DECB8B582A26724A007D0409 /* Build configuration list for PBXProject "RecipeApp" */;
			compatibilityVersion = "Xcode 14.0";
			developmentRegion = en;
			hasScannedForEncodings = 0;
			knownRegions = (
				en,
				Base,
			);
			mainGroup = DECB8B542A26724A007D0409;
			productRefGroup = DECB8B5E2A26724A007D0409 /* Products */;
			projectDirPath = "";
			projectRoot = "";
			targets = (
				DECB8B5C2A26724A007D0409 /* RecipeApp */,
			);
		};
/* End PBXProject section */

/* Begin PBXResourcesBuildPhase section */
		DECB8B5B2A26724A007D0409 /* Resources */ = {
			isa = PBXResourcesBuildPhase;
			buildActionMask = 2147483647;
			files = (
				DECB8B6D2A26724A007D0409 /* LaunchScreen.storyboard in Resources */,
				DECB8B822A27AD4F007D0409 /* Annabelle.plist in Resources */,
				DE8358CC2A2966BC00675966 /* AmericanTypewriterRegular.ttf in Resources */,
				DECB8B6A2A26724A007D0409 /* Assets.xcassets in Resources */,
				DECB8B782A26CA99007D0409 /* BERNIERDistressed-Regular.otf in Resources */,
				DECB8B7E2A26DCF4007D0409 /* Annabelle.ttf in Resources */,
			);
			runOnlyForDeploymentPostprocessing = 0;
		};
/* End PBXResourcesBuildPhase section */

/* Begin PBXSourcesBuildPhase section */
		DECB8B592A26724A007D0409 /* Sources */ = {
			isa = PBXSourcesBuildPhase;
			buildActionMask = 2147483647;
			files = (
				DECB8B652A26724A007D0409 /* CategoriesViewController.swift in Sources */,
				DEE083922A355E4300C0ECEC /* RecipesCollectionView.swift in Sources */,
				DEE083992A35623F00C0ECEC /* RecipesCollectionViewDelegate.swift in Sources */,
				DE9D3A702A4538E700EC7299 /* CoreDataStack.swift in Sources */,
				DEE083A42A37F14300C0ECEC /* TrashRecipesCollectionViewDataSource.swift in Sources */,
				DECB8B902A28415A007D0409 /* CategoriesFlowLayout.swift in Sources */,
				DE8358CE2A2A5A6B00675966 /* AddButton.swift in Sources */,
				DECB8B852A283309007D0409 /* CategoriesCollectionView.swift in Sources */,
				DEE083972A35621100C0ECEC /* RecipesCollectionViewDataSource.swift in Sources */,
				DEE0839F2A36948800C0ECEC /* TrashRecipesViewController.swift in Sources */,
				DEE0838D2A35259900C0ECEC /* ButtonsConteinerView.swift in Sources */,
				DEE0839B2A35627700C0ECEC /* RecipesCollectionViewFlowLayout.swift in Sources */,
				DECB8B612A26724A007D0409 /* AppDelegate.swift in Sources */,
				DEE0838B2A302EA700C0ECEC /* CustomTextField.swift in Sources */,
				DECB8B802A27AD42007D0409 /* ScaledFont.swift in Sources */,
				DECB8B872A28336E007D0409 /* CategoryCollectionViewCell.swift in Sources */,
				DE8358D02A2A636B00675966 /* TrashButton.swift in Sources */,
				DE60F3462A3B781900225566 /* CoreDataModel.xcdatamodeld in Sources */,
				DECB8B922A284CCC007D0409 /* Metrics+Colors.swift in Sources */,
				DEE083902A35401900C0ECEC /* CustomScrollView.swift in Sources */,
				DEE083A22A37F02200C0ECEC /* TrashRecipeCollectionViewDelegate.swift in Sources */,
				DECB8B762A26B8DE007D0409 /* Extension+UIColor.swift in Sources */,
				DEE083952A3561A300C0ECEC /* RecipeCollectionViewCell.swift in Sources */,
				DE8358C22A29221700675966 /* RecipesListViewController.swift in Sources */,
				DEE083862A2C1DE400C0ECEC /* RecipeViewController.swift in Sources */,
				DECB8B892A283607007D0409 /* CategoriesCollectionViewDataSource.swift in Sources */,
				DEE083CE2A393D8100C0ECEC /* RecipesDataManager.swift in Sources */,
			);
			runOnlyForDeploymentPostprocessing = 0;
		};
/* End PBXSourcesBuildPhase section */

/* Begin PBXVariantGroup section */
		DECB8B6B2A26724A007D0409 /* LaunchScreen.storyboard */ = {
			isa = PBXVariantGroup;
			children = (
				DECB8B6C2A26724A007D0409 /* Base */,
			);
			name = LaunchScreen.storyboard;
			sourceTree = "<group>";
		};
/* End PBXVariantGroup section */

/* Begin XCBuildConfiguration section */
		DECB8B6F2A26724A007D0409 /* Debug */ = {
			isa = XCBuildConfiguration;
			buildSettings = {
				ALWAYS_SEARCH_USER_PATHS = NO;
				CLANG_ANALYZER_NONNULL = YES;
				CLANG_ANALYZER_NUMBER_OBJECT_CONVERSION = YES_AGGRESSIVE;
				CLANG_CXX_LANGUAGE_STANDARD = "gnu++20";
				CLANG_ENABLE_MODULES = YES;
				CLANG_ENABLE_OBJC_ARC = YES;
				CLANG_ENABLE_OBJC_WEAK = YES;
				CLANG_WARN_BLOCK_CAPTURE_AUTORELEASING = YES;
				CLANG_WARN_BOOL_CONVERSION = YES;
				CLANG_WARN_COMMA = YES;
				CLANG_WARN_CONSTANT_CONVERSION = YES;
				CLANG_WARN_DEPRECATED_OBJC_IMPLEMENTATIONS = YES;
				CLANG_WARN_DIRECT_OBJC_ISA_USAGE = YES_ERROR;
				CLANG_WARN_DOCUMENTATION_COMMENTS = YES;
				CLANG_WARN_EMPTY_BODY = YES;
				CLANG_WARN_ENUM_CONVERSION = YES;
				CLANG_WARN_INFINITE_RECURSION = YES;
				CLANG_WARN_INT_CONVERSION = YES;
				CLANG_WARN_NON_LITERAL_NULL_CONVERSION = YES;
				CLANG_WARN_OBJC_IMPLICIT_RETAIN_SELF = YES;
				CLANG_WARN_OBJC_LITERAL_CONVERSION = YES;
				CLANG_WARN_OBJC_ROOT_CLASS = YES_ERROR;
				CLANG_WARN_QUOTED_INCLUDE_IN_FRAMEWORK_HEADER = YES;
				CLANG_WARN_RANGE_LOOP_ANALYSIS = YES;
				CLANG_WARN_STRICT_PROTOTYPES = YES;
				CLANG_WARN_SUSPICIOUS_MOVE = YES;
				CLANG_WARN_UNGUARDED_AVAILABILITY = YES_AGGRESSIVE;
				CLANG_WARN_UNREACHABLE_CODE = YES;
				CLANG_WARN__DUPLICATE_METHOD_MATCH = YES;
				COPY_PHASE_STRIP = NO;
				DEBUG_INFORMATION_FORMAT = dwarf;
				ENABLE_STRICT_OBJC_MSGSEND = YES;
				ENABLE_TESTABILITY = YES;
				GCC_C_LANGUAGE_STANDARD = gnu11;
				GCC_DYNAMIC_NO_PIC = NO;
				GCC_NO_COMMON_BLOCKS = YES;
				GCC_OPTIMIZATION_LEVEL = 0;
				GCC_PREPROCESSOR_DEFINITIONS = (
					"DEBUG=1",
					"$(inherited)",
				);
				GCC_WARN_64_TO_32_BIT_CONVERSION = YES;
				GCC_WARN_ABOUT_RETURN_TYPE = YES_ERROR;
				GCC_WARN_UNDECLARED_SELECTOR = YES;
				GCC_WARN_UNINITIALIZED_AUTOS = YES_AGGRESSIVE;
				GCC_WARN_UNUSED_FUNCTION = YES;
				GCC_WARN_UNUSED_VARIABLE = YES;
				IPHONEOS_DEPLOYMENT_TARGET = 16.4;
				MTL_ENABLE_DEBUG_INFO = INCLUDE_SOURCE;
				MTL_FAST_MATH = YES;
				ONLY_ACTIVE_ARCH = YES;
				SDKROOT = iphoneos;
				SWIFT_ACTIVE_COMPILATION_CONDITIONS = DEBUG;
				SWIFT_OPTIMIZATION_LEVEL = "-Onone";
			};
			name = Debug;
		};
		DECB8B702A26724A007D0409 /* Release */ = {
			isa = XCBuildConfiguration;
			buildSettings = {
				ALWAYS_SEARCH_USER_PATHS = NO;
				CLANG_ANALYZER_NONNULL = YES;
				CLANG_ANALYZER_NUMBER_OBJECT_CONVERSION = YES_AGGRESSIVE;
				CLANG_CXX_LANGUAGE_STANDARD = "gnu++20";
				CLANG_ENABLE_MODULES = YES;
				CLANG_ENABLE_OBJC_ARC = YES;
				CLANG_ENABLE_OBJC_WEAK = YES;
				CLANG_WARN_BLOCK_CAPTURE_AUTORELEASING = YES;
				CLANG_WARN_BOOL_CONVERSION = YES;
				CLANG_WARN_COMMA = YES;
				CLANG_WARN_CONSTANT_CONVERSION = YES;
				CLANG_WARN_DEPRECATED_OBJC_IMPLEMENTATIONS = YES;
				CLANG_WARN_DIRECT_OBJC_ISA_USAGE = YES_ERROR;
				CLANG_WARN_DOCUMENTATION_COMMENTS = YES;
				CLANG_WARN_EMPTY_BODY = YES;
				CLANG_WARN_ENUM_CONVERSION = YES;
				CLANG_WARN_INFINITE_RECURSION = YES;
				CLANG_WARN_INT_CONVERSION = YES;
				CLANG_WARN_NON_LITERAL_NULL_CONVERSION = YES;
				CLANG_WARN_OBJC_IMPLICIT_RETAIN_SELF = YES;
				CLANG_WARN_OBJC_LITERAL_CONVERSION = YES;
				CLANG_WARN_OBJC_ROOT_CLASS = YES_ERROR;
				CLANG_WARN_QUOTED_INCLUDE_IN_FRAMEWORK_HEADER = YES;
				CLANG_WARN_RANGE_LOOP_ANALYSIS = YES;
				CLANG_WARN_STRICT_PROTOTYPES = YES;
				CLANG_WARN_SUSPICIOUS_MOVE = YES;
				CLANG_WARN_UNGUARDED_AVAILABILITY = YES_AGGRESSIVE;
				CLANG_WARN_UNREACHABLE_CODE = YES;
				CLANG_WARN__DUPLICATE_METHOD_MATCH = YES;
				COPY_PHASE_STRIP = NO;
				DEBUG_INFORMATION_FORMAT = "dwarf-with-dsym";
				ENABLE_NS_ASSERTIONS = NO;
				ENABLE_STRICT_OBJC_MSGSEND = YES;
				GCC_C_LANGUAGE_STANDARD = gnu11;
				GCC_NO_COMMON_BLOCKS = YES;
				GCC_WARN_64_TO_32_BIT_CONVERSION = YES;
				GCC_WARN_ABOUT_RETURN_TYPE = YES_ERROR;
				GCC_WARN_UNDECLARED_SELECTOR = YES;
				GCC_WARN_UNINITIALIZED_AUTOS = YES_AGGRESSIVE;
				GCC_WARN_UNUSED_FUNCTION = YES;
				GCC_WARN_UNUSED_VARIABLE = YES;
				IPHONEOS_DEPLOYMENT_TARGET = 16.4;
				MTL_ENABLE_DEBUG_INFO = NO;
				MTL_FAST_MATH = YES;
				SDKROOT = iphoneos;
				SWIFT_COMPILATION_MODE = wholemodule;
				SWIFT_OPTIMIZATION_LEVEL = "-O";
				VALIDATE_PRODUCT = YES;
			};
			name = Release;
		};
		DECB8B722A26724A007D0409 /* Debug */ = {
			isa = XCBuildConfiguration;
			buildSettings = {
				ASSETCATALOG_COMPILER_APPICON_NAME = AppIcon;
				ASSETCATALOG_COMPILER_GLOBAL_ACCENT_COLOR_NAME = AccentColor;
				CODE_SIGN_STYLE = Automatic;
				CURRENT_PROJECT_VERSION = 1.1;
				DEVELOPMENT_TEAM = 6X73SB6LVU;
				GENERATE_INFOPLIST_FILE = YES;
				INFOPLIST_FILE = RecipeApp/Base/Info.plist;
				INFOPLIST_KEY_CFBundleDisplayName = Recipes;
				INFOPLIST_KEY_LSApplicationCategoryType = "public.app-category.food-and-drink";
				INFOPLIST_KEY_UIApplicationSupportsIndirectInputEvents = YES;
				INFOPLIST_KEY_UILaunchStoryboardName = LaunchScreen;
				INFOPLIST_KEY_UISupportedInterfaceOrientations = UIInterfaceOrientationPortrait;
				INFOPLIST_KEY_UISupportedInterfaceOrientations_iPad = "UIInterfaceOrientationLandscapeLeft UIInterfaceOrientationLandscapeRight UIInterfaceOrientationPortrait";
				IPHONEOS_DEPLOYMENT_TARGET = 15.0;
				LD_RUNPATH_SEARCH_PATHS = (
					"$(inherited)",
					"@executable_path/Frameworks",
				);
				MARKETING_VERSION = 1.0;
				PRODUCT_BUNDLE_IDENTIFIER = naksal.RecipeApp;
				PRODUCT_NAME = "$(TARGET_NAME)";
				SUPPORTED_PLATFORMS = "iphoneos iphonesimulator";
				SUPPORTS_MACCATALYST = NO;
				SUPPORTS_MAC_DESIGNED_FOR_IPHONE_IPAD = NO;
				SWIFT_EMIT_LOC_STRINGS = YES;
				SWIFT_VERSION = 5.0;
				TARGETED_DEVICE_FAMILY = 1;
			};
			name = Debug;
		};
		DECB8B732A26724A007D0409 /* Release */ = {
			isa = XCBuildConfiguration;
			buildSettings = {
				ASSETCATALOG_COMPILER_APPICON_NAME = AppIcon;
				ASSETCATALOG_COMPILER_GLOBAL_ACCENT_COLOR_NAME = AccentColor;
				CODE_SIGN_STYLE = Automatic;
				CURRENT_PROJECT_VERSION = 1.1;
				DEVELOPMENT_TEAM = 6X73SB6LVU;
				GENERATE_INFOPLIST_FILE = YES;
				INFOPLIST_FILE = RecipeApp/Base/Info.plist;
				INFOPLIST_KEY_CFBundleDisplayName = Recipes;
				INFOPLIST_KEY_LSApplicationCategoryType = "public.app-category.food-and-drink";
				INFOPLIST_KEY_UIApplicationSupportsIndirectInputEvents = YES;
				INFOPLIST_KEY_UILaunchStoryboardName = LaunchScreen;
				INFOPLIST_KEY_UISupportedInterfaceOrientations = UIInterfaceOrientationPortrait;
				INFOPLIST_KEY_UISupportedInterfaceOrientations_iPad = "UIInterfaceOrientationLandscapeLeft UIInterfaceOrientationLandscapeRight UIInterfaceOrientationPortrait";
				IPHONEOS_DEPLOYMENT_TARGET = 15.0;
				LD_RUNPATH_SEARCH_PATHS = (
					"$(inherited)",
					"@executable_path/Frameworks",
				);
				MARKETING_VERSION = 1.0;
				PRODUCT_BUNDLE_IDENTIFIER = naksal.RecipeApp;
				PRODUCT_NAME = "$(TARGET_NAME)";
				SUPPORTED_PLATFORMS = "iphoneos iphonesimulator";
				SUPPORTS_MACCATALYST = NO;
				SUPPORTS_MAC_DESIGNED_FOR_IPHONE_IPAD = NO;
				SWIFT_EMIT_LOC_STRINGS = YES;
				SWIFT_VERSION = 5.0;
				TARGETED_DEVICE_FAMILY = 1;
			};
			name = Release;
		};
/* End XCBuildConfiguration section */

/* Begin XCConfigurationList section */
		DECB8B582A26724A007D0409 /* Build configuration list for PBXProject "RecipeApp" */ = {
			isa = XCConfigurationList;
			buildConfigurations = (
				DECB8B6F2A26724A007D0409 /* Debug */,
				DECB8B702A26724A007D0409 /* Release */,
			);
			defaultConfigurationIsVisible = 0;
			defaultConfigurationName = Release;
		};
		DECB8B712A26724A007D0409 /* Build configuration list for PBXNativeTarget "RecipeApp" */ = {
			isa = XCConfigurationList;
			buildConfigurations = (
				DECB8B722A26724A007D0409 /* Debug */,
				DECB8B732A26724A007D0409 /* Release */,
			);
			defaultConfigurationIsVisible = 0;
			defaultConfigurationName = Release;
		};
/* End XCConfigurationList section */

/* Begin XCVersionGroup section */
		DE60F3442A3B781900225566 /* CoreDataModel.xcdatamodeld */ = {
			isa = XCVersionGroup;
			children = (
				DE60F3452A3B781900225566 /* CoreDataModel.xcdatamodel */,
			);
			currentVersion = DE60F3452A3B781900225566 /* CoreDataModel.xcdatamodel */;
			path = CoreDataModel.xcdatamodeld;
			sourceTree = "<group>";
			versionGroupType = wrapper.xcdatamodel;
		};
/* End XCVersionGroup section */
	};
	rootObject = DECB8B552A26724A007D0409 /* Project object */;
}
